<?xml version="1.0" encoding="utf-8"?>
<Project ToolsVersion="4.0" xmlns="http://schemas.microsoft.com/developer/msbuild/2003">
  <ItemGroup>
    <Filter Include="Source Files">
      <UniqueIdentifier>{4FC737F1-C7A5-4376-A066-2A32D752A2FF}</UniqueIdentifier>
      <Extensions>cpp;c;cc;cxx;c++;cppm;ixx;def;odl;idl;hpj;bat;asm;asmx</Extensions>
    </Filter>
    <Filter Include="Header Files">
      <UniqueIdentifier>{93995380-89BD-4b04-88EB-625FBE52EBFB}</UniqueIdentifier>
      <Extensions>h;hh;hpp;hxx;h++;hm;inl;inc;ipp;xsd</Extensions>
    </Filter>
    <Filter Include="Resource Files">
      <UniqueIdentifier>{67DA6AB6-F800-4c08-8B7A-83BB121AAD01}</UniqueIdentifier>
      <Extensions>rc;ico;cur;bmp;dlg;rc2;rct;bin;rgs;gif;jpg;jpeg;jpe;resx;tiff;tif;png;wav;mfcribbon-ms</Extensions>
    </Filter>
  </ItemGroup>
  <ItemGroup>
    <ClCompile Include="src\main.cpp">
      <Filter>Source Files</Filter>
    </ClCompile>
    <ClCompile Include="include\alvironment\window\Window.cpp">
      <Filter>Source Files</Filter>
    </ClCompile>
    <ClCompile Include="include\alvironment\window\WindowProperties.cpp">
      <Filter>Source Files</Filter>
    </ClCompile>
    <ClCompile Include="include\alvironment\shaders\Shader.cpp">
      <Filter>Source Files</Filter>
    </ClCompile>
    <ClCompile Include="include\alvironment\2d\object\Object2D.cpp">
      <Filter>Source Files</Filter>
    </ClCompile>
    <ClCompile Include="include\alvironment\GenericObject.cpp">
      <Filter>Source Files</Filter>
    </ClCompile>
    <ClCompile Include="include\alvironment\2d\object\Rectangle2D.cpp">
      <Filter>Source Files</Filter>
    </ClCompile>
    <ClCompile Include="include\alvironment\2d\object\Triangle2D.cpp">
      <Filter>Source Files</Filter>
    </ClCompile>
    <ClCompile Include="include\alvironment\2d\object\Circle2D.cpp">
      <Filter>Source Files</Filter>
    </ClCompile>
    <ClCompile Include="include\math\Vector2D.cpp">
      <Filter>Source Files</Filter>
    </ClCompile>
    <ClCompile Include="include\math\Vector3D.cpp">
      <Filter>Source Files</Filter>
    </ClCompile>
    <ClCompile Include="src\Samples\SolarSystem\SolarSystem.cpp">
      <Filter>Source Files</Filter>
    </ClCompile>
    <ClCompile Include="include\alvironment\Environment.cpp">
      <Filter>Source Files</Filter>
    </ClCompile>
    <ClCompile Include="include\alvironment\AbstractWorld.cpp">
      <Filter>Source Files</Filter>
    </ClCompile>
    <ClCompile Include="include\alvironment\WorldSetUp.cpp">
      <Filter>Source Files</Filter>
    </ClCompile>
    <ClCompile Include="src\Samples\LinearInterpolation\LinearInterpolation.cpp">
      <Filter>Source Files</Filter>
    </ClCompile>
    <ClCompile Include="src\Samples\Dvd\Dvd.cpp">
      <Filter>Source Files</Filter>
    </ClCompile>
    <ClCompile Include="src\Project\MyWorld.cpp">
      <Filter>Source Files</Filter>
    </ClCompile>
    <ClCompile Include="src\Samples\Arkanoid\Arkanoid.cpp">
      <Filter>Source Files</Filter>
    </ClCompile>
  </ItemGroup>
  <ItemGroup>
    <ClInclude Include="scr\Classes\Object.h">
      <Filter>Header Files</Filter>
    </ClInclude>
    <ClInclude Include="include\debug_helper\print.h">
      <Filter>Header Files</Filter>
    </ClInclude>
    <ClInclude Include="include\alvironment\window\Window.h">
      <Filter>Header Files</Filter>
    </ClInclude>
    <ClInclude Include="include\alvironment\window\WindowProperties.h">
      <Filter>Header Files</Filter>
    </ClInclude>
    <ClInclude Include="include\alvironment\shaders\Shader.h">
      <Filter>Header Files</Filter>
    </ClInclude>
    <ClInclude Include="include\data_types\numbers.h">
      <Filter>Header Files</Filter>
    </ClInclude>
    <ClInclude Include="include\alvironment\2d\object\Object2D.h">
      <Filter>Header Files</Filter>
    </ClInclude>
    <ClInclude Include="include\alvironment\GenericObject.h">
      <Filter>Header Files</Filter>
    </ClInclude>
    <ClInclude Include="include\alvironment\2d\object\Rectangle2D.h">
      <Filter>Header Files</Filter>
    </ClInclude>
    <ClInclude Include="include\math\constants.h">
      <Filter>Header Files</Filter>
    </ClInclude>
    <ClInclude Include="include\alvironment\2d\object\Triangle2D.h">
      <Filter>Header Files</Filter>
    </ClInclude>
    <ClInclude Include="include\alvironment\2d\object\Circle2D.h">
      <Filter>Header Files</Filter>
    </ClInclude>
    <ClInclude Include="include\math\Vector2D.h">
      <Filter>Header Files</Filter>
    </ClInclude>
    <ClInclude Include="include\math\Vector3D.h">
      <Filter>Header Files</Filter>
    </ClInclude>
    <ClInclude Include="src\Samples\SolarSystem\SolarSystem.h">
      <Filter>Header Files</Filter>
    </ClInclude>
    <ClInclude Include="include\alvironment\AbstractWorld.h">
      <Filter>Header Files</Filter>
    </ClInclude>
    <ClInclude Include="include\alvironment\Environment.h">
      <Filter>Header Files</Filter>
    </ClInclude>
    <ClInclude Include="include\alvironment\WorldSetUp.h">
      <Filter>Header Files</Filter>
    </ClInclude>
    <ClInclude Include="src\Samples\LinearInterpolation\LinearInterpolation.h">
      <Filter>Header Files</Filter>
    </ClInclude>
    <ClInclude Include="src\Samples\Dvd\Dvd.h">
      <Filter>Header Files</Filter>
    </ClInclude>
    <ClInclude Include="src\Project\MyWorld.h">
      <Filter>Header Files</Filter>
    </ClInclude>
    <ClInclude Include="include\alvironment\Key.h">
      <Filter>Header Files</Filter>
    </ClInclude>
    <ClInclude Include="src\Samples\Arkanoid\Arkanoid.h">
      <Filter>Header Files</Filter>
    </ClInclude>
  </ItemGroup>
  <ItemGroup>
    <None Include="include\alvironment\shaders\common_shaders\Basic.vsha" />
    <None Include="include\alvironment\shaders\common_shaders\Basic.fsha" />
  </ItemGroup>
  <ItemGroup>
    <Text Include="src\Samples\todo.md" />
  </ItemGroup>
</Project>